
Microsoft Visual Studio Solution File, Format Version 12.00
# Visual Studio Version 16
VisualStudioVersion = 16.0.30523.141
MinimumVisualStudioVersion = 10.0.40219.1
Project("{9A19103F-16F7-4668-BE54-9A1E7A4F7556}") = "DBCourseWorkBack.Api", "DBCourseWorkBack.Api\DBCourseWorkBack.Api.csproj", "{DE8651EB-4BD6-482D-8098-772E8BCF08FB}"
EndProject
Project("{9A19103F-16F7-4668-BE54-9A1E7A4F7556}") = "DBCourseWorkBack.Infrastructure", "DBCourseWorkBack.Infrastructure\DBCourseWorkBack.Infrastructure.csproj", "{23C7CB8D-EDD8-4731-8FA7-33CB2D4D5737}"
EndProject
Project("{9A19103F-16F7-4668-BE54-9A1E7A4F7556}") = "DBCourseWorkBack.Domain", "DBCourseWorkBack.Domain\DBCourseWorkBack.Domain.csproj", "{664C31E0-87D8-44F1-B594-91881610631E}"
EndProject
Project("{9A19103F-16F7-4668-BE54-9A1E7A4F7556}") = "DBCourseWorkBack.BusinessLogic", "DBCourseWorkBack.BusinessLogic\DBCourseWorkBack.BusinessLogic.csproj", "{EA3077FE-EDE2-47D9-83F6-F3B0990BE742}"
EndProject
Project("{2150E333-8FDC-42A3-9474-1A3956D46DE8}") = "Tests", "Tests", "{E5C1CFCE-B3BD-43F1-8632-52E75117BF68}"
EndProject
Project("{FAE04EC0-301F-11D3-BF4B-00C04F79EFBC}") = "DBCourseWorkBack.BusinessLogic.Tests", "DBCourseWorkBack.BusinessLogic.Tests\DBCourseWorkBack.BusinessLogic.Tests.csproj", "{E209E7FE-78F8-4530-8D48-CB726AFA1FB9}"
EndProject
Global
	GlobalSection(SolutionConfigurationPlatforms) = preSolution
		Debug|Any CPU = Debug|Any CPU
		Release|Any CPU = Release|Any CPU
	EndGlobalSection
	GlobalSection(ProjectConfigurationPlatforms) = postSolution
		{DE8651EB-4BD6-482D-8098-772E8BCF08FB}.Debug|Any CPU.ActiveCfg = Debug|Any CPU
		{DE8651EB-4BD6-482D-8098-772E8BCF08FB}.Debug|Any CPU.Build.0 = Debug|Any CPU
		{DE8651EB-4BD6-482D-8098-772E8BCF08FB}.Release|Any CPU.ActiveCfg = Release|Any CPU
		{DE8651EB-4BD6-482D-8098-772E8BCF08FB}.Release|Any CPU.Build.0 = Release|Any CPU
		{23C7CB8D-EDD8-4731-8FA7-33CB2D4D5737}.Debug|Any CPU.ActiveCfg = Debug|Any CPU
		{23C7CB8D-EDD8-4731-8FA7-33CB2D4D5737}.Debug|Any CPU.Build.0 = Debug|Any CPU
		{23C7CB8D-EDD8-4731-8FA7-33CB2D4D5737}.Release|Any CPU.ActiveCfg = Release|Any CPU
		{23C7CB8D-EDD8-4731-8FA7-33CB2D4D5737}.Release|Any CPU.Build.0 = Release|Any CPU
		{664C31E0-87D8-44F1-B594-91881610631E}.Debug|Any CPU.ActiveCfg = Debug|Any CPU
		{664C31E0-87D8-44F1-B594-91881610631E}.Debug|Any CPU.Build.0 = Debug|Any CPU
		{664C31E0-87D8-44F1-B594-91881610631E}.Release|Any CPU.ActiveCfg = Release|Any CPU
		{664C31E0-87D8-44F1-B594-91881610631E}.Release|Any CPU.Build.0 = Release|Any CPU
		{EA3077FE-EDE2-47D9-83F6-F3B0990BE742}.Debug|Any CPU.ActiveCfg = Debug|Any CPU
		{EA3077FE-EDE2-47D9-83F6-F3B0990BE742}.Debug|Any CPU.Build.0 = Debug|Any CPU
		{EA3077FE-EDE2-47D9-83F6-F3B0990BE742}.Release|Any CPU.ActiveCfg = Release|Any CPU
		{EA3077FE-EDE2-47D9-83F6-F3B0990BE742}.Release|Any CPU.Build.0 = Release|Any CPU
		{E209E7FE-78F8-4530-8D48-CB726AFA1FB9}.Debug|Any CPU.ActiveCfg = Debug|Any CPU
		{E209E7FE-78F8-4530-8D48-CB726AFA1FB9}.Debug|Any CPU.Build.0 = Debug|Any CPU
		{E209E7FE-78F8-4530-8D48-CB726AFA1FB9}.Release|Any CPU.ActiveCfg = Release|Any CPU
		{E209E7FE-78F8-4530-8D48-CB726AFA1FB9}.Release|Any CPU.Build.0 = Release|Any CPU
	EndGlobalSection
	GlobalSection(SolutionProperties) = preSolution
		HideSolutionNode = FALSE
	EndGlobalSection
	GlobalSection(NestedProjects) = preSolution
		{E209E7FE-78F8-4530-8D48-CB726AFA1FB9} = {E5C1CFCE-B3BD-43F1-8632-52E75117BF68}
	EndGlobalSection
	GlobalSection(ExtensibilityGlobals) = postSolution
		SolutionGuid = {D6F40B69-974A-47AF-AF11-449A9C87E6F1}
	EndGlobalSection
EndGlobal
